
Microsoft Visual Studio Solution File, Format Version 12.00
# Visual Studio 15
VisualStudioVersion = 15.0.28307.1684
MinimumVisualStudioVersion = 10.0.40219.1
Project("{2150E333-8FDC-42A3-9474-1A3956D46DE8}") = "AccountingManager (Folder)", "AccountingManager (Folder)", "{4A0D35CE-40B8-440D-A741-7F85AB77880C}"
EndProject
Project("{FAE04EC0-301F-11D3-BF4B-00C04F79EFBC}") = "AccountingManager", "build\AccountingManager\AccountingManager.csproj", "{06EE4D10-7AD8-4645-8E0F-06C74C37CE95}"
EndProject
Project("{9A19103F-16F7-4668-BE54-9A1E7A4F7556}") = "AccountingManager.Core", "build\AccountingManager.Core\AccountingManager.Core.csproj", "{8BDFEA45-BA72-4731-8C3E-23BC86044745}"
EndProject
Global
	GlobalSection(SolutionConfigurationPlatforms) = preSolution
		Debug|Any CPU = Debug|Any CPU
		Debug|ARM = Debug|ARM
		Debug|ARM64 = Debug|ARM64
		Debug|x64 = Debug|x64
		Debug|x86 = Debug|x86
		Release|Any CPU = Release|Any CPU
		Release|ARM = Release|ARM
		Release|ARM64 = Release|ARM64
		Release|x64 = Release|x64
		Release|x86 = Release|x86
	EndGlobalSection
	GlobalSection(ProjectConfigurationPlatforms) = postSolution
		{06EE4D10-7AD8-4645-8E0F-06C74C37CE95}.Debug|Any CPU.ActiveCfg = Debug|x86
		{06EE4D10-7AD8-4645-8E0F-06C74C37CE95}.Debug|ARM.ActiveCfg = Debug|ARM
		{06EE4D10-7AD8-4645-8E0F-06C74C37CE95}.Debug|ARM.Build.0 = Debug|ARM
		{06EE4D10-7AD8-4645-8E0F-06C74C37CE95}.Debug|ARM.Deploy.0 = Debug|ARM
		{06EE4D10-7AD8-4645-8E0F-06C74C37CE95}.Debug|ARM64.ActiveCfg = Debug|ARM64
		{06EE4D10-7AD8-4645-8E0F-06C74C37CE95}.Debug|ARM64.Build.0 = Debug|ARM64
		{06EE4D10-7AD8-4645-8E0F-06C74C37CE95}.Debug|ARM64.Deploy.0 = Debug|ARM64
		{06EE4D10-7AD8-4645-8E0F-06C74C37CE95}.Debug|x64.ActiveCfg = Debug|x64
		{06EE4D10-7AD8-4645-8E0F-06C74C37CE95}.Debug|x64.Build.0 = Debug|x64
		{06EE4D10-7AD8-4645-8E0F-06C74C37CE95}.Debug|x64.Deploy.0 = Debug|x64
		{06EE4D10-7AD8-4645-8E0F-06C74C37CE95}.Debug|x86.ActiveCfg = Debug|x86
		{06EE4D10-7AD8-4645-8E0F-06C74C37CE95}.Debug|x86.Build.0 = Debug|x86
		{06EE4D10-7AD8-4645-8E0F-06C74C37CE95}.Debug|x86.Deploy.0 = Debug|x86
		{06EE4D10-7AD8-4645-8E0F-06C74C37CE95}.Release|Any CPU.ActiveCfg = Release|x86
		{06EE4D10-7AD8-4645-8E0F-06C74C37CE95}.Release|ARM.ActiveCfg = Release|ARM
		{06EE4D10-7AD8-4645-8E0F-06C74C37CE95}.Release|ARM.Build.0 = Release|ARM
		{06EE4D10-7AD8-4645-8E0F-06C74C37CE95}.Release|ARM.Deploy.0 = Release|ARM
		{06EE4D10-7AD8-4645-8E0F-06C74C37CE95}.Release|ARM64.ActiveCfg = Release|ARM64
		{06EE4D10-7AD8-4645-8E0F-06C74C37CE95}.Release|ARM64.Build.0 = Release|ARM64
		{06EE4D10-7AD8-4645-8E0F-06C74C37CE95}.Release|ARM64.Deploy.0 = Release|ARM64
		{06EE4D10-7AD8-4645-8E0F-06C74C37CE95}.Release|x64.ActiveCfg = Release|x64
		{06EE4D10-7AD8-4645-8E0F-06C74C37CE95}.Release|x64.Build.0 = Release|x64
		{06EE4D10-7AD8-4645-8E0F-06C74C37CE95}.Release|x64.Deploy.0 = Release|x64
		{06EE4D10-7AD8-4645-8E0F-06C74C37CE95}.Release|x86.ActiveCfg = Release|x86
		{06EE4D10-7AD8-4645-8E0F-06C74C37CE95}.Release|x86.Build.0 = Release|x86
		{06EE4D10-7AD8-4645-8E0F-06C74C37CE95}.Release|x86.Deploy.0 = Release|x86
		{8BDFEA45-BA72-4731-8C3E-23BC86044745}.Debug|Any CPU.ActiveCfg = Debug|Any CPU
		{8BDFEA45-BA72-4731-8C3E-23BC86044745}.Debug|Any CPU.Build.0 = Debug|Any CPU
		{8BDFEA45-BA72-4731-8C3E-23BC86044745}.Debug|ARM.ActiveCfg = Debug|Any CPU
		{8BDFEA45-BA72-4731-8C3E-23BC86044745}.Debug|ARM.Build.0 = Debug|Any CPU
		{8BDFEA45-BA72-4731-8C3E-23BC86044745}.Debug|ARM64.ActiveCfg = Debug|Any CPU
		{8BDFEA45-BA72-4731-8C3E-23BC86044745}.Debug|ARM64.Build.0 = Debug|Any CPU
		{8BDFEA45-BA72-4731-8C3E-23BC86044745}.Debug|x64.ActiveCfg = Debug|Any CPU
		{8BDFEA45-BA72-4731-8C3E-23BC86044745}.Debug|x64.Build.0 = Debug|Any CPU
		{8BDFEA45-BA72-4731-8C3E-23BC86044745}.Debug|x86.ActiveCfg = Debug|Any CPU
		{8BDFEA45-BA72-4731-8C3E-23BC86044745}.Debug|x86.Build.0 = Debug|Any CPU
		{8BDFEA45-BA72-4731-8C3E-23BC86044745}.Release|Any CPU.ActiveCfg = Release|Any CPU
		{8BDFEA45-BA72-4731-8C3E-23BC86044745}.Release|Any CPU.Build.0 = Release|Any CPU
		{8BDFEA45-BA72-4731-8C3E-23BC86044745}.Release|ARM.ActiveCfg = Release|Any CPU
		{8BDFEA45-BA72-4731-8C3E-23BC86044745}.Release|ARM.Build.0 = Release|Any CPU
		{8BDFEA45-BA72-4731-8C3E-23BC86044745}.Release|ARM64.ActiveCfg = Release|Any CPU
		{8BDFEA45-BA72-4731-8C3E-23BC86044745}.Release|ARM64.Build.0 = Release|Any CPU
		{8BDFEA45-BA72-4731-8C3E-23BC86044745}.Release|x64.ActiveCfg = Release|Any CPU
		{8BDFEA45-BA72-4731-8C3E-23BC86044745}.Release|x64.Build.0 = Release|Any CPU
		{8BDFEA45-BA72-4731-8C3E-23BC86044745}.Release|x86.ActiveCfg = Release|Any CPU
		{8BDFEA45-BA72-4731-8C3E-23BC86044745}.Release|x86.Build.0 = Release|Any CPU
	EndGlobalSection
	GlobalSection(SolutionProperties) = preSolution
		HideSolutionNode = FALSE
	EndGlobalSection
	GlobalSection(NestedProjects) = preSolution
		{06EE4D10-7AD8-4645-8E0F-06C74C37CE95} = {4A0D35CE-40B8-440D-A741-7F85AB77880C}
		{8BDFEA45-BA72-4731-8C3E-23BC86044745} = {4A0D35CE-40B8-440D-A741-7F85AB77880C}
	EndGlobalSection
	GlobalSection(ExtensibilityGlobals) = postSolution
		SolutionGuid = {9F001ACC-6EF9-453B-87A6-101658E5C05A}
	EndGlobalSection
EndGlobal
