
Microsoft Visual Studio Solution File, Format Version 12.00
# Visual Studio 15
VisualStudioVersion = 15.0.28307.1778
MinimumVisualStudioVersion = 10.0.40219.1
Project("{FAE04EC0-301F-11D3-BF4B-00C04F79EFBC}") = "AccountingManager", "build\AccountingManager\AccountingManager.csproj", "{DC725A6B-026E-4D4F-BAD5-99C78DA5A048}"
EndProject
Project("{9A19103F-16F7-4668-BE54-9A1E7A4F7556}") = "AccountingManager.Core", "build\AccountingManager.Core\AccountingManager.Core.csproj", "{72FF362C-6B8D-4681-AD29-F7B568321A30}"
EndProject
Global
	GlobalSection(SolutionConfigurationPlatforms) = preSolution
		Debug|Any CPU = Debug|Any CPU
		Debug|ARM = Debug|ARM
		Debug|ARM64 = Debug|ARM64
		Debug|x64 = Debug|x64
		Debug|x86 = Debug|x86
		Release|Any CPU = Release|Any CPU
		Release|ARM = Release|ARM
		Release|ARM64 = Release|ARM64
		Release|x64 = Release|x64
		Release|x86 = Release|x86
	EndGlobalSection
	GlobalSection(ProjectConfigurationPlatforms) = postSolution
		{DC725A6B-026E-4D4F-BAD5-99C78DA5A048}.Debug|Any CPU.ActiveCfg = Debug|x86
		{DC725A6B-026E-4D4F-BAD5-99C78DA5A048}.Debug|ARM.ActiveCfg = Debug|ARM
		{DC725A6B-026E-4D4F-BAD5-99C78DA5A048}.Debug|ARM.Build.0 = Debug|ARM
		{DC725A6B-026E-4D4F-BAD5-99C78DA5A048}.Debug|ARM.Deploy.0 = Debug|ARM
		{DC725A6B-026E-4D4F-BAD5-99C78DA5A048}.Debug|ARM64.ActiveCfg = Debug|ARM64
		{DC725A6B-026E-4D4F-BAD5-99C78DA5A048}.Debug|ARM64.Build.0 = Debug|ARM64
		{DC725A6B-026E-4D4F-BAD5-99C78DA5A048}.Debug|ARM64.Deploy.0 = Debug|ARM64
		{DC725A6B-026E-4D4F-BAD5-99C78DA5A048}.Debug|x64.ActiveCfg = Debug|x64
		{DC725A6B-026E-4D4F-BAD5-99C78DA5A048}.Debug|x64.Build.0 = Debug|x64
		{DC725A6B-026E-4D4F-BAD5-99C78DA5A048}.Debug|x64.Deploy.0 = Debug|x64
		{DC725A6B-026E-4D4F-BAD5-99C78DA5A048}.Debug|x86.ActiveCfg = Debug|x86
		{DC725A6B-026E-4D4F-BAD5-99C78DA5A048}.Debug|x86.Build.0 = Debug|x86
		{DC725A6B-026E-4D4F-BAD5-99C78DA5A048}.Debug|x86.Deploy.0 = Debug|x86
		{DC725A6B-026E-4D4F-BAD5-99C78DA5A048}.Release|Any CPU.ActiveCfg = Release|x86
		{DC725A6B-026E-4D4F-BAD5-99C78DA5A048}.Release|ARM.ActiveCfg = Release|ARM
		{DC725A6B-026E-4D4F-BAD5-99C78DA5A048}.Release|ARM.Build.0 = Release|ARM
		{DC725A6B-026E-4D4F-BAD5-99C78DA5A048}.Release|ARM.Deploy.0 = Release|ARM
		{DC725A6B-026E-4D4F-BAD5-99C78DA5A048}.Release|ARM64.ActiveCfg = Release|ARM64
		{DC725A6B-026E-4D4F-BAD5-99C78DA5A048}.Release|ARM64.Build.0 = Release|ARM64
		{DC725A6B-026E-4D4F-BAD5-99C78DA5A048}.Release|ARM64.Deploy.0 = Release|ARM64
		{DC725A6B-026E-4D4F-BAD5-99C78DA5A048}.Release|x64.ActiveCfg = Release|x64
		{DC725A6B-026E-4D4F-BAD5-99C78DA5A048}.Release|x64.Build.0 = Release|x64
		{DC725A6B-026E-4D4F-BAD5-99C78DA5A048}.Release|x64.Deploy.0 = Release|x64
		{DC725A6B-026E-4D4F-BAD5-99C78DA5A048}.Release|x86.ActiveCfg = Release|x86
		{DC725A6B-026E-4D4F-BAD5-99C78DA5A048}.Release|x86.Build.0 = Release|x86
		{DC725A6B-026E-4D4F-BAD5-99C78DA5A048}.Release|x86.Deploy.0 = Release|x86
		{72FF362C-6B8D-4681-AD29-F7B568321A30}.Debug|Any CPU.ActiveCfg = Debug|Any CPU
		{72FF362C-6B8D-4681-AD29-F7B568321A30}.Debug|Any CPU.Build.0 = Debug|Any CPU
		{72FF362C-6B8D-4681-AD29-F7B568321A30}.Debug|ARM.ActiveCfg = Debug|Any CPU
		{72FF362C-6B8D-4681-AD29-F7B568321A30}.Debug|ARM.Build.0 = Debug|Any CPU
		{72FF362C-6B8D-4681-AD29-F7B568321A30}.Debug|ARM64.ActiveCfg = Debug|Any CPU
		{72FF362C-6B8D-4681-AD29-F7B568321A30}.Debug|ARM64.Build.0 = Debug|Any CPU
		{72FF362C-6B8D-4681-AD29-F7B568321A30}.Debug|x64.ActiveCfg = Debug|Any CPU
		{72FF362C-6B8D-4681-AD29-F7B568321A30}.Debug|x64.Build.0 = Debug|Any CPU
		{72FF362C-6B8D-4681-AD29-F7B568321A30}.Debug|x86.ActiveCfg = Debug|Any CPU
		{72FF362C-6B8D-4681-AD29-F7B568321A30}.Debug|x86.Build.0 = Debug|Any CPU
		{72FF362C-6B8D-4681-AD29-F7B568321A30}.Release|Any CPU.ActiveCfg = Release|Any CPU
		{72FF362C-6B8D-4681-AD29-F7B568321A30}.Release|Any CPU.Build.0 = Release|Any CPU
		{72FF362C-6B8D-4681-AD29-F7B568321A30}.Release|ARM.ActiveCfg = Release|Any CPU
		{72FF362C-6B8D-4681-AD29-F7B568321A30}.Release|ARM.Build.0 = Release|Any CPU
		{72FF362C-6B8D-4681-AD29-F7B568321A30}.Release|ARM64.ActiveCfg = Release|Any CPU
		{72FF362C-6B8D-4681-AD29-F7B568321A30}.Release|ARM64.Build.0 = Release|Any CPU
		{72FF362C-6B8D-4681-AD29-F7B568321A30}.Release|x64.ActiveCfg = Release|Any CPU
		{72FF362C-6B8D-4681-AD29-F7B568321A30}.Release|x64.Build.0 = Release|Any CPU
		{72FF362C-6B8D-4681-AD29-F7B568321A30}.Release|x86.ActiveCfg = Release|Any CPU
		{72FF362C-6B8D-4681-AD29-F7B568321A30}.Release|x86.Build.0 = Release|Any CPU
	EndGlobalSection
	GlobalSection(SolutionProperties) = preSolution
		HideSolutionNode = FALSE
	EndGlobalSection
	GlobalSection(ExtensibilityGlobals) = postSolution
		SolutionGuid = {86E8BA5D-B3D3-4067-A783-627356E2A755}
	EndGlobalSection
EndGlobal
